# THIS IS AN AUTOGENERATED FILE. DO NOT EDIT THIS FILE DIRECTLY.
# yarn lockfile v1


"@types/expo@^32.0.13":
  version "32.0.13"
  resolved "https://registry.yarnpkg.com/@types/expo/-/expo-32.0.13.tgz#c43c9c0ada5e62a466ea427cc922c495345f55a7"
  integrity sha512-kKU0zpkiyGGB4+A26vT9QmWbQ8/ccu9ui8ek7gDsz8FAk8atAvHQq9WaZpARSNqH6jTn+Ww2tKUo3Mw/cutoQQ==
  dependencies:
    "@types/fbemitter" "*"
    "@types/react" "*"
    "@types/react-native" "*"
    react-native-maps "*"
    react-native-svg "*"

"@types/fbemitter@*":
  version "2.0.32"
  resolved "https://registry.yarnpkg.com/@types/fbemitter/-/fbemitter-2.0.32.tgz#8ed204da0f54e9c8eaec31b1eec91e25132d082c"
  integrity sha1-jtIE2g9U6cjq7DGx7skeJRMtCCw=

"@types/jest-diff@*":
  version "20.0.1"
  resolved "https://registry.yarnpkg.com/@types/jest-diff/-/jest-diff-20.0.1.tgz#35cc15b9c4f30a18ef21852e255fdb02f6d59b89"
  integrity sha512-yALhelO3i0hqZwhjtcr6dYyaLoCHbAMshwtj6cGxTvHZAKXHsYGdff6E8EPw3xLKY0ELUTQ69Q1rQiJENnccMA==

"@types/jest@^24.0.11":
  version "24.0.13"
  resolved "https://registry.yarnpkg.com/@types/jest/-/jest-24.0.13.tgz#10f50b64cb05fb02411fbba49e9042a3a11da3f9"
  integrity sha512-3m6RPnO35r7Dg+uMLj1+xfZaOgIHHHut61djNjzwExXN4/Pm9has9C6I1KMYSfz7mahDhWUOVg4HW/nZdv5Pww==
  dependencies:
    "@types/jest-diff" "*"

"@types/node@^12.0.2":
  version "12.0.2"
  resolved "https://registry.yarnpkg.com/@types/node/-/node-12.0.2.tgz#3452a24edf9fea138b48fad4a0a028a683da1e40"
  integrity sha512-5tabW/i+9mhrfEOUcLDu2xBPsHJ+X5Orqy9FKpale3SjDA17j5AEpYq5vfy3oAeAHGcvANRCO3NV3d2D6q3NiA==

"@types/prop-types@*":
  version "15.7.1"
  resolved "https://registry.yarnpkg.com/@types/prop-types/-/prop-types-15.7.1.tgz#f1a11e7babb0c3cad68100be381d1e064c68f1f6"
  integrity sha512-CFzn9idOEpHrgdw8JsoTkaDDyRWk1jrzIV8djzcgpq0y9tG4B4lFT+Nxh52DVpDXV+n4+NPNv7M1Dj5uMp6XFg==

"@types/react-native@*", "@types/react-native@^0.57.50":
  version "0.57.58"
  resolved "https://registry.yarnpkg.com/@types/react-native/-/react-native-0.57.58.tgz#630258e10497772dbbfdf813205d38b76b54fa2a"
  integrity sha512-SshKU18ajdpQQ5RZrHyUTI3e++pMo4fcrWnnbGFjzgp5ykYhbfUQ005Q93a/UV9ObsAmRppHVuq11d3b4tiDug==
  dependencies:
    "@types/prop-types" "*"
    "@types/react" "*"

"@types/react@*", "@types/react@^16.8.14":
  version "16.8.17"
  resolved "https://registry.yarnpkg.com/@types/react/-/react-16.8.17.tgz#f287b76a5badb93bc9aa3f54521a3eb53d6c2374"
  integrity sha512-pln3mgc6VfkNg92WXODul/ONo140huK9OMsx62GlBlZ2lvjNK86PQJhYMPLO1i66aF5O9OPyZefogvNltBIszA==
  dependencies:
    "@types/prop-types" "*"
    csstype "^2.2.0"

csstype@^2.2.0:
  version "2.6.4"
  resolved "https://registry.yarnpkg.com/csstype/-/csstype-2.6.4.tgz#d585a6062096e324e7187f80e04f92bd0f00e37f"
  integrity sha512-lAJUJP3M6HxFXbqtGRc0iZrdyeN+WzOWeY0q/VnFzI+kqVrYIzC7bWlKqCW7oCIdzoPkvfp82EVvrTlQ8zsWQg==

events@^3.0.0:
  version "3.0.0"
  resolved "https://registry.yarnpkg.com/events/-/events-3.0.0.tgz#9a0a0dfaf62893d92b875b8f2698ca4114973e88"
  integrity sha512-Dc381HFWJzEOhQ+d8pkNon++bk9h6cdAoAj4iE6Q4y6xgTzySWXlKn05/TVNpjnfRqi/X0EpJEJohPjNI3zpVA==

"js-tokens@^3.0.0 || ^4.0.0":
  version "4.0.0"
  resolved "https://registry.yarnpkg.com/js-tokens/-/js-tokens-4.0.0.tgz#19203fb59991df98e3a287050d4647cdeaf32499"
  integrity sha512-RdJUflcE3cUzKiMqQgsCu06FPu9UdIJO0beYbPhHN4k6apgJtifcoCtT9bcxOpYBtpD2kCM6Sbzg4CausW/PKQ==

loose-envify@^1.1.0, loose-envify@^1.4.0:
  version "1.4.0"
  resolved "https://registry.yarnpkg.com/loose-envify/-/loose-envify-1.4.0.tgz#71ee51fa7be4caec1a63839f7e682d8132d30caf"
  integrity sha512-lyuxPGr/Wfhrlem2CL/UcnUc1zcqKAImBDzukY7Y5F/yQiNdko6+fRLevlw1HgMySw7f611UIY408EtxRSoK3Q==
  dependencies:
    js-tokens "^3.0.0 || ^4.0.0"

object-assign@^4.1.1:
  version "4.1.1"
  resolved "https://registry.yarnpkg.com/object-assign/-/object-assign-4.1.1.tgz#2109adc7965887cfc05cbbd442cac8bfbb360863"
  integrity sha1-IQmtx5ZYh8/AXLvUQsrIv7s2CGM=

prop-types@^15.6.2:
  version "15.7.2"
  resolved "https://registry.yarnpkg.com/prop-types/-/prop-types-15.7.2.tgz#52c41e75b8c87e72b9d9360e0206b99dcbffa6c5"
  integrity sha512-8QQikdH7//R2vurIJSutZ1smHYTcLpRWEOlHnzcWHmBYrOGUysKwSsrC89BCiFj3CbrfJ/nXFdJepOVrY1GCHQ==
  dependencies:
    loose-envify "^1.4.0"
    object-assign "^4.1.1"
    react-is "^16.8.1"

react-is@^16.8.1:
  version "16.8.6"
  resolved "https://registry.yarnpkg.com/react-is/-/react-is-16.8.6.tgz#5bbc1e2d29141c9fbdfed456343fe2bc430a6a16"
  integrity sha512-aUk3bHfZ2bRSVFFbbeVS4i+lNPZr3/WM5jT2J5omUVV1zzcs1nAaf3l51ctA5FFvCRbhrH0bdAsRRQddFJZPtA==

react-native-maps@*:
  version "0.24.2"
  resolved "https://registry.yarnpkg.com/react-native-maps/-/react-native-maps-0.24.2.tgz#19974f967cb0c2e24dab74ca879118e0932571b2"
  integrity sha512-1iNIDikp2dkCG+8DguaEviYZiMSYyvwqYT7pO2YTZvuFRDSc/P9jXMhTUnSh4wNDlEeQ47OJ09l0pwWVBZ7wxg==

react-native-svg@*:
  version "9.4.0"
  resolved "https://registry.yarnpkg.com/react-native-svg/-/react-native-svg-9.4.0.tgz#e428e0eae55aebd2355f1ff4f22675dad4611960"
  integrity sha512-IVJlVbS2dAPerPr927fEi4uXzrPXzlra5ddgyJXZZ2IKA2ZygyYWFZDM+vsQs+Vj20CfL8nOWszQQV57vdQgFg==

react@16.5.0:
  version "16.5.0"
  resolved "https://registry.yarnpkg.com/react/-/react-16.5.0.tgz#f2c1e754bf9751a549d9c6d9aca41905beb56575"
  integrity sha512-nw/yB/L51kA9PsAy17T1JrzzGRk+BlFCJwFF7p+pwVxgqwPjYNeZEkkH7LXn9dmflolrYMXLWMTkQ77suKPTNQ==
  dependencies:
    loose-envify "^1.1.0"
    object-assign "^4.1.1"
    prop-types "^15.6.2"
    schedule "^0.3.0"

schedule@^0.3.0:
  version "0.3.0"
  resolved "https://registry.yarnpkg.com/schedule/-/schedule-0.3.0.tgz#1be2ab2fc2e768536269ce7326efb478d6c045e8"
  integrity sha512-20+1KVo517sR7Nt+bYBN8a+bEJDKLPEx7Ohtts1kX05E4/HY53YUNuhfkVNItmWAnBYHcpG9vsd2/CJxG+aPCQ==
  dependencies:
    object-assign "^4.1.1"

typescript@^3.4.5:
  version "3.4.5"
  resolved "https://registry.yarnpkg.com/typescript/-/typescript-3.4.5.tgz#2d2618d10bb566572b8d7aad5180d84257d70a99"
  integrity sha512-YycBxUb49UUhdNMU5aJ7z5Ej2XGmaIBL0x34vZ82fn3hGvD+bgrMrVDpatgz2f7YxUMJxMkbWxJZeAvDxVe7Vw==
